
Microsoft Visual Studio Solution File, Format Version 12.00
# Visual Studio Version 17
VisualStudioVersion = 17.5.33516.290
MinimumVisualStudioVersion = 10.0.40219.1
Project("{8BC9CEB8-8B4A-11D0-8D11-00A0C91BC942}") = "동물카드 뒤집기 게임", "동물카드 뒤집기 게임\동물카드 뒤집기 게임.vcxproj", "{D6923B17-E614-48CD-937B-777DD214E4D8}"
EndProject
Project("{2150E333-8FDC-42A3-9474-1A3956D46DE8}") = "솔루션 항목", "솔루션 항목", "{C50F5B52-EDCC-4F9B-9CAB-9B2CA798C60A}"
	ProjectSection(SolutionItems) = preProject
		README.md = README.md
	EndProjectSection
EndProject
Project("{8BC9CEB8-8B4A-11D0-8D11-00A0C91BC942}") = "무인 자판기 프로그램", "무인 자판기 프로그램\무인 자판기 프로그램.vcxproj", "{6458ACBA-7BA2-401D-B10D-8049FCFD023D}"
EndProject
Global
	GlobalSection(SolutionConfigurationPlatforms) = preSolution
		Debug|x64 = Debug|x64
		Debug|x86 = Debug|x86
		Release|x64 = Release|x64
		Release|x86 = Release|x86
	EndGlobalSection
	GlobalSection(ProjectConfigurationPlatforms) = postSolution
		{D6923B17-E614-48CD-937B-777DD214E4D8}.Debug|x64.ActiveCfg = Debug|x64
		{D6923B17-E614-48CD-937B-777DD214E4D8}.Debug|x64.Build.0 = Debug|x64
		{D6923B17-E614-48CD-937B-777DD214E4D8}.Debug|x86.ActiveCfg = Debug|Win32
		{D6923B17-E614-48CD-937B-777DD214E4D8}.Debug|x86.Build.0 = Debug|Win32
		{D6923B17-E614-48CD-937B-777DD214E4D8}.Release|x64.ActiveCfg = Release|x64
		{D6923B17-E614-48CD-937B-777DD214E4D8}.Release|x64.Build.0 = Release|x64
		{D6923B17-E614-48CD-937B-777DD214E4D8}.Release|x86.ActiveCfg = Release|Win32
		{D6923B17-E614-48CD-937B-777DD214E4D8}.Release|x86.Build.0 = Release|Win32
		{6458ACBA-7BA2-401D-B10D-8049FCFD023D}.Debug|x64.ActiveCfg = Debug|x64
		{6458ACBA-7BA2-401D-B10D-8049FCFD023D}.Debug|x64.Build.0 = Debug|x64
		{6458ACBA-7BA2-401D-B10D-8049FCFD023D}.Debug|x86.ActiveCfg = Debug|Win32
		{6458ACBA-7BA2-401D-B10D-8049FCFD023D}.Debug|x86.Build.0 = Debug|Win32
		{6458ACBA-7BA2-401D-B10D-8049FCFD023D}.Release|x64.ActiveCfg = Release|x64
		{6458ACBA-7BA2-401D-B10D-8049FCFD023D}.Release|x64.Build.0 = Release|x64
		{6458ACBA-7BA2-401D-B10D-8049FCFD023D}.Release|x86.ActiveCfg = Release|Win32
		{6458ACBA-7BA2-401D-B10D-8049FCFD023D}.Release|x86.Build.0 = Release|Win32
	EndGlobalSection
	GlobalSection(SolutionProperties) = preSolution
		HideSolutionNode = FALSE
	EndGlobalSection
	GlobalSection(ExtensibilityGlobals) = postSolution
		SolutionGuid = {3C074B8A-4030-4CE9-9BFC-F45994AD4D8D}
	EndGlobalSection
EndGlobal
